
Microsoft Visual Studio Solution File, Format Version 12.00
# Visual Studio Version 17
VisualStudioVersion = 17.0.31912.275
MinimumVisualStudioVersion = 10.0.40219.1
Project("{8BC9CEB8-8B4A-11D0-8D11-00A0C91BC942}") = "01. HelloSotfuni", "01. HelloSotfuni\01. HelloSotfuni.vcxproj", "{63082146-E2F1-4015-86EC-DADFD23BFB38}"
EndProject
Project("{8BC9CEB8-8B4A-11D0-8D11-00A0C91BC942}") = "02. Number 1 to 10", "02. Number 1 to 10\02. Number 1 to 10.vcxproj", "{B98B0218-1BEA-4081-A452-F5A5E747BE84}"
EndProject
Project("{8BC9CEB8-8B4A-11D0-8D11-00A0C91BC942}") = "Extra 1", "Extras\Extras.vcxproj", "{0F303B26-BEAE-403B-8EC7-3EEC50986838}"
EndProject
Project("{8BC9CEB8-8B4A-11D0-8D11-00A0C91BC942}") = "03. Rectangle Area", "03. Rectangle Area\03. Rectangle Area.vcxproj", "{1C3CF59E-3A63-4968-B260-235C92324A42}"
EndProject
Project("{8BC9CEB8-8B4A-11D0-8D11-00A0C91BC942}") = "05. Greetings by Name", "05. Greetings by Name\05. Greetings by Name.vcxproj", "{B182A895-74D2-4EDB-8BEF-CA4E98532336}"
EndProject
Project("{8BC9CEB8-8B4A-11D0-8D11-00A0C91BC942}") = "04. Inches to Centimeters", "04. Inches to Centimeters\04. Inches to Centimeters.vcxproj", "{0C5A194F-7CAB-44C6-A454-EE6BE3004BB7}"
EndProject
Project("{8BC9CEB8-8B4A-11D0-8D11-00A0C91BC942}") = "06. Concutanate data", "06. Concutanate data\06. Concutanate data.vcxproj", "{87AE2288-DD5D-4B24-97F9-A110CF05F21E}"
EndProject
Project("{8BC9CEB8-8B4A-11D0-8D11-00A0C91BC942}") = "07. Project Creation", "0.7 Project Creation\0.7 Project Creation.vcxproj", "{715A829B-EF44-4D1F-B867-C174A9E2DB45}"
EndProject
Project("{8BC9CEB8-8B4A-11D0-8D11-00A0C91BC942}") = "08. ZooShop", "08. ZooShop\08. ZooShop.vcxproj", "{1BA97E70-D44F-4554-94DE-D3F6BD29AAFB}"
EndProject
Project("{8BC9CEB8-8B4A-11D0-8D11-00A0C91BC942}") = "09. Yard Greening", "09. Yard Greening\09. Yard Greening.vcxproj", "{8DCBEF1E-7A03-4063-B4D5-CA15A28D5E56}"
EndProject
Project("{8BC9CEB8-8B4A-11D0-8D11-00A0C91BC942}") = "Extra 2", "Extras 2\Extras 2.vcxproj", "{B2F885A2-914D-4305-8FD5-307F2C7B59FE}"
EndProject
Project("{8BC9CEB8-8B4A-11D0-8D11-00A0C91BC942}") = "Extra 3", "Extra 3\Extra 3.vcxproj", "{ADB9C9B1-0D3B-4D5C-B4D6-C3E3B474A27D}"
EndProject
Project("{8BC9CEB8-8B4A-11D0-8D11-00A0C91BC942}") = "Extra 4", "Extra 4\Extra 4.vcxproj", "{475A6F6B-87A4-4318-A364-586043F91442}"
EndProject
Project("{8BC9CEB8-8B4A-11D0-8D11-00A0C91BC942}") = "Extra 5", "Extra 5\Extra 5.vcxproj", "{AE641BC1-D024-4159-8831-0ED544FB5732}"
EndProject
Project("{8BC9CEB8-8B4A-11D0-8D11-00A0C91BC942}") = "Extra 6", "Extra 6\Extra 6.vcxproj", "{6F5CED1F-6367-49B9-A3B8-B05A86F6D26B}"
EndProject
Project("{8BC9CEB8-8B4A-11D0-8D11-00A0C91BC942}") = "Extra 7", "Extra 7\Extra 7.vcxproj", "{1B7E6754-7CC5-499C-911A-8D85DB710EE4}"
EndProject
Project("{8BC9CEB8-8B4A-11D0-8D11-00A0C91BC942}") = "Extra 8", "Extra 8\Extra 8.vcxproj", "{22FDA467-45AD-40C5-8F05-782A28691872}"
EndProject
Project("{8BC9CEB8-8B4A-11D0-8D11-00A0C91BC942}") = "Extra 9", "Extra 9\Extra 9.vcxproj", "{8C030864-1353-4097-8F6C-F48D75EB16E6}"
EndProject
Project("{8BC9CEB8-8B4A-11D0-8D11-00A0C91BC942}") = "Extra 10", "Extra 10\Extra 10.vcxproj", "{7084ACCA-97F5-4460-8F58-25C9D042F790}"
EndProject
Global
	GlobalSection(SolutionConfigurationPlatforms) = preSolution
		Debug|x64 = Debug|x64
		Debug|x86 = Debug|x86
		Release|x64 = Release|x64
		Release|x86 = Release|x86
	EndGlobalSection
	GlobalSection(ProjectConfigurationPlatforms) = postSolution
		{63082146-E2F1-4015-86EC-DADFD23BFB38}.Debug|x64.ActiveCfg = Debug|x64
		{63082146-E2F1-4015-86EC-DADFD23BFB38}.Debug|x64.Build.0 = Debug|x64
		{63082146-E2F1-4015-86EC-DADFD23BFB38}.Debug|x86.ActiveCfg = Debug|Win32
		{63082146-E2F1-4015-86EC-DADFD23BFB38}.Debug|x86.Build.0 = Debug|Win32
		{63082146-E2F1-4015-86EC-DADFD23BFB38}.Release|x64.ActiveCfg = Release|x64
		{63082146-E2F1-4015-86EC-DADFD23BFB38}.Release|x64.Build.0 = Release|x64
		{63082146-E2F1-4015-86EC-DADFD23BFB38}.Release|x86.ActiveCfg = Release|Win32
		{63082146-E2F1-4015-86EC-DADFD23BFB38}.Release|x86.Build.0 = Release|Win32
		{B98B0218-1BEA-4081-A452-F5A5E747BE84}.Debug|x64.ActiveCfg = Debug|x64
		{B98B0218-1BEA-4081-A452-F5A5E747BE84}.Debug|x64.Build.0 = Debug|x64
		{B98B0218-1BEA-4081-A452-F5A5E747BE84}.Debug|x86.ActiveCfg = Debug|Win32
		{B98B0218-1BEA-4081-A452-F5A5E747BE84}.Debug|x86.Build.0 = Debug|Win32
		{B98B0218-1BEA-4081-A452-F5A5E747BE84}.Release|x64.ActiveCfg = Release|x64
		{B98B0218-1BEA-4081-A452-F5A5E747BE84}.Release|x64.Build.0 = Release|x64
		{B98B0218-1BEA-4081-A452-F5A5E747BE84}.Release|x86.ActiveCfg = Release|Win32
		{B98B0218-1BEA-4081-A452-F5A5E747BE84}.Release|x86.Build.0 = Release|Win32
		{0F303B26-BEAE-403B-8EC7-3EEC50986838}.Debug|x64.ActiveCfg = Debug|x64
		{0F303B26-BEAE-403B-8EC7-3EEC50986838}.Debug|x64.Build.0 = Debug|x64
		{0F303B26-BEAE-403B-8EC7-3EEC50986838}.Debug|x86.ActiveCfg = Debug|Win32
		{0F303B26-BEAE-403B-8EC7-3EEC50986838}.Debug|x86.Build.0 = Debug|Win32
		{0F303B26-BEAE-403B-8EC7-3EEC50986838}.Release|x64.ActiveCfg = Release|x64
		{0F303B26-BEAE-403B-8EC7-3EEC50986838}.Release|x64.Build.0 = Release|x64
		{0F303B26-BEAE-403B-8EC7-3EEC50986838}.Release|x86.ActiveCfg = Release|Win32
		{0F303B26-BEAE-403B-8EC7-3EEC50986838}.Release|x86.Build.0 = Release|Win32
		{1C3CF59E-3A63-4968-B260-235C92324A42}.Debug|x64.ActiveCfg = Debug|x64
		{1C3CF59E-3A63-4968-B260-235C92324A42}.Debug|x64.Build.0 = Debug|x64
		{1C3CF59E-3A63-4968-B260-235C92324A42}.Debug|x86.ActiveCfg = Debug|Win32
		{1C3CF59E-3A63-4968-B260-235C92324A42}.Debug|x86.Build.0 = Debug|Win32
		{1C3CF59E-3A63-4968-B260-235C92324A42}.Release|x64.ActiveCfg = Release|x64
		{1C3CF59E-3A63-4968-B260-235C92324A42}.Release|x64.Build.0 = Release|x64
		{1C3CF59E-3A63-4968-B260-235C92324A42}.Release|x86.ActiveCfg = Release|Win32
		{1C3CF59E-3A63-4968-B260-235C92324A42}.Release|x86.Build.0 = Release|Win32
		{B182A895-74D2-4EDB-8BEF-CA4E98532336}.Debug|x64.ActiveCfg = Debug|x64
		{B182A895-74D2-4EDB-8BEF-CA4E98532336}.Debug|x64.Build.0 = Debug|x64
		{B182A895-74D2-4EDB-8BEF-CA4E98532336}.Debug|x86.ActiveCfg = Debug|Win32
		{B182A895-74D2-4EDB-8BEF-CA4E98532336}.Debug|x86.Build.0 = Debug|Win32
		{B182A895-74D2-4EDB-8BEF-CA4E98532336}.Release|x64.ActiveCfg = Release|x64
		{B182A895-74D2-4EDB-8BEF-CA4E98532336}.Release|x64.Build.0 = Release|x64
		{B182A895-74D2-4EDB-8BEF-CA4E98532336}.Release|x86.ActiveCfg = Release|Win32
		{B182A895-74D2-4EDB-8BEF-CA4E98532336}.Release|x86.Build.0 = Release|Win32
		{0C5A194F-7CAB-44C6-A454-EE6BE3004BB7}.Debug|x64.ActiveCfg = Debug|x64
		{0C5A194F-7CAB-44C6-A454-EE6BE3004BB7}.Debug|x64.Build.0 = Debug|x64
		{0C5A194F-7CAB-44C6-A454-EE6BE3004BB7}.Debug|x86.ActiveCfg = Debug|Win32
		{0C5A194F-7CAB-44C6-A454-EE6BE3004BB7}.Debug|x86.Build.0 = Debug|Win32
		{0C5A194F-7CAB-44C6-A454-EE6BE3004BB7}.Release|x64.ActiveCfg = Release|x64
		{0C5A194F-7CAB-44C6-A454-EE6BE3004BB7}.Release|x64.Build.0 = Release|x64
		{0C5A194F-7CAB-44C6-A454-EE6BE3004BB7}.Release|x86.ActiveCfg = Release|Win32
		{0C5A194F-7CAB-44C6-A454-EE6BE3004BB7}.Release|x86.Build.0 = Release|Win32
		{87AE2288-DD5D-4B24-97F9-A110CF05F21E}.Debug|x64.ActiveCfg = Debug|x64
		{87AE2288-DD5D-4B24-97F9-A110CF05F21E}.Debug|x64.Build.0 = Debug|x64
		{87AE2288-DD5D-4B24-97F9-A110CF05F21E}.Debug|x86.ActiveCfg = Debug|Win32
		{87AE2288-DD5D-4B24-97F9-A110CF05F21E}.Debug|x86.Build.0 = Debug|Win32
		{87AE2288-DD5D-4B24-97F9-A110CF05F21E}.Release|x64.ActiveCfg = Release|x64
		{87AE2288-DD5D-4B24-97F9-A110CF05F21E}.Release|x64.Build.0 = Release|x64
		{87AE2288-DD5D-4B24-97F9-A110CF05F21E}.Release|x86.ActiveCfg = Release|Win32
		{87AE2288-DD5D-4B24-97F9-A110CF05F21E}.Release|x86.Build.0 = Release|Win32
		{715A829B-EF44-4D1F-B867-C174A9E2DB45}.Debug|x64.ActiveCfg = Debug|x64
		{715A829B-EF44-4D1F-B867-C174A9E2DB45}.Debug|x64.Build.0 = Debug|x64
		{715A829B-EF44-4D1F-B867-C174A9E2DB45}.Debug|x86.ActiveCfg = Debug|Win32
		{715A829B-EF44-4D1F-B867-C174A9E2DB45}.Debug|x86.Build.0 = Debug|Win32
		{715A829B-EF44-4D1F-B867-C174A9E2DB45}.Release|x64.ActiveCfg = Release|x64
		{715A829B-EF44-4D1F-B867-C174A9E2DB45}.Release|x64.Build.0 = Release|x64
		{715A829B-EF44-4D1F-B867-C174A9E2DB45}.Release|x86.ActiveCfg = Release|Win32
		{715A829B-EF44-4D1F-B867-C174A9E2DB45}.Release|x86.Build.0 = Release|Win32
		{1BA97E70-D44F-4554-94DE-D3F6BD29AAFB}.Debug|x64.ActiveCfg = Debug|x64
		{1BA97E70-D44F-4554-94DE-D3F6BD29AAFB}.Debug|x64.Build.0 = Debug|x64
		{1BA97E70-D44F-4554-94DE-D3F6BD29AAFB}.Debug|x86.ActiveCfg = Debug|Win32
		{1BA97E70-D44F-4554-94DE-D3F6BD29AAFB}.Debug|x86.Build.0 = Debug|Win32
		{1BA97E70-D44F-4554-94DE-D3F6BD29AAFB}.Release|x64.ActiveCfg = Release|x64
		{1BA97E70-D44F-4554-94DE-D3F6BD29AAFB}.Release|x64.Build.0 = Release|x64
		{1BA97E70-D44F-4554-94DE-D3F6BD29AAFB}.Release|x86.ActiveCfg = Release|Win32
		{1BA97E70-D44F-4554-94DE-D3F6BD29AAFB}.Release|x86.Build.0 = Release|Win32
		{8DCBEF1E-7A03-4063-B4D5-CA15A28D5E56}.Debug|x64.ActiveCfg = Debug|x64
		{8DCBEF1E-7A03-4063-B4D5-CA15A28D5E56}.Debug|x64.Build.0 = Debug|x64
		{8DCBEF1E-7A03-4063-B4D5-CA15A28D5E56}.Debug|x86.ActiveCfg = Debug|Win32
		{8DCBEF1E-7A03-4063-B4D5-CA15A28D5E56}.Debug|x86.Build.0 = Debug|Win32
		{8DCBEF1E-7A03-4063-B4D5-CA15A28D5E56}.Release|x64.ActiveCfg = Release|x64
		{8DCBEF1E-7A03-4063-B4D5-CA15A28D5E56}.Release|x64.Build.0 = Release|x64
		{8DCBEF1E-7A03-4063-B4D5-CA15A28D5E56}.Release|x86.ActiveCfg = Release|Win32
		{8DCBEF1E-7A03-4063-B4D5-CA15A28D5E56}.Release|x86.Build.0 = Release|Win32
		{B2F885A2-914D-4305-8FD5-307F2C7B59FE}.Debug|x64.ActiveCfg = Debug|x64
		{B2F885A2-914D-4305-8FD5-307F2C7B59FE}.Debug|x64.Build.0 = Debug|x64
		{B2F885A2-914D-4305-8FD5-307F2C7B59FE}.Debug|x86.ActiveCfg = Debug|Win32
		{B2F885A2-914D-4305-8FD5-307F2C7B59FE}.Debug|x86.Build.0 = Debug|Win32
		{B2F885A2-914D-4305-8FD5-307F2C7B59FE}.Release|x64.ActiveCfg = Release|x64
		{B2F885A2-914D-4305-8FD5-307F2C7B59FE}.Release|x64.Build.0 = Release|x64
		{B2F885A2-914D-4305-8FD5-307F2C7B59FE}.Release|x86.ActiveCfg = Release|Win32
		{B2F885A2-914D-4305-8FD5-307F2C7B59FE}.Release|x86.Build.0 = Release|Win32
		{ADB9C9B1-0D3B-4D5C-B4D6-C3E3B474A27D}.Debug|x64.ActiveCfg = Debug|x64
		{ADB9C9B1-0D3B-4D5C-B4D6-C3E3B474A27D}.Debug|x64.Build.0 = Debug|x64
		{ADB9C9B1-0D3B-4D5C-B4D6-C3E3B474A27D}.Debug|x86.ActiveCfg = Debug|Win32
		{ADB9C9B1-0D3B-4D5C-B4D6-C3E3B474A27D}.Debug|x86.Build.0 = Debug|Win32
		{ADB9C9B1-0D3B-4D5C-B4D6-C3E3B474A27D}.Release|x64.ActiveCfg = Release|x64
		{ADB9C9B1-0D3B-4D5C-B4D6-C3E3B474A27D}.Release|x64.Build.0 = Release|x64
		{ADB9C9B1-0D3B-4D5C-B4D6-C3E3B474A27D}.Release|x86.ActiveCfg = Release|Win32
		{ADB9C9B1-0D3B-4D5C-B4D6-C3E3B474A27D}.Release|x86.Build.0 = Release|Win32
		{475A6F6B-87A4-4318-A364-586043F91442}.Debug|x64.ActiveCfg = Debug|x64
		{475A6F6B-87A4-4318-A364-586043F91442}.Debug|x64.Build.0 = Debug|x64
		{475A6F6B-87A4-4318-A364-586043F91442}.Debug|x86.ActiveCfg = Debug|Win32
		{475A6F6B-87A4-4318-A364-586043F91442}.Debug|x86.Build.0 = Debug|Win32
		{475A6F6B-87A4-4318-A364-586043F91442}.Release|x64.ActiveCfg = Release|x64
		{475A6F6B-87A4-4318-A364-586043F91442}.Release|x64.Build.0 = Release|x64
		{475A6F6B-87A4-4318-A364-586043F91442}.Release|x86.ActiveCfg = Release|Win32
		{475A6F6B-87A4-4318-A364-586043F91442}.Release|x86.Build.0 = Release|Win32
		{AE641BC1-D024-4159-8831-0ED544FB5732}.Debug|x64.ActiveCfg = Debug|x64
		{AE641BC1-D024-4159-8831-0ED544FB5732}.Debug|x64.Build.0 = Debug|x64
		{AE641BC1-D024-4159-8831-0ED544FB5732}.Debug|x86.ActiveCfg = Debug|Win32
		{AE641BC1-D024-4159-8831-0ED544FB5732}.Debug|x86.Build.0 = Debug|Win32
		{AE641BC1-D024-4159-8831-0ED544FB5732}.Release|x64.ActiveCfg = Release|x64
		{AE641BC1-D024-4159-8831-0ED544FB5732}.Release|x64.Build.0 = Release|x64
		{AE641BC1-D024-4159-8831-0ED544FB5732}.Release|x86.ActiveCfg = Release|Win32
		{AE641BC1-D024-4159-8831-0ED544FB5732}.Release|x86.Build.0 = Release|Win32
		{6F5CED1F-6367-49B9-A3B8-B05A86F6D26B}.Debug|x64.ActiveCfg = Debug|x64
		{6F5CED1F-6367-49B9-A3B8-B05A86F6D26B}.Debug|x64.Build.0 = Debug|x64
		{6F5CED1F-6367-49B9-A3B8-B05A86F6D26B}.Debug|x86.ActiveCfg = Debug|Win32
		{6F5CED1F-6367-49B9-A3B8-B05A86F6D26B}.Debug|x86.Build.0 = Debug|Win32
		{6F5CED1F-6367-49B9-A3B8-B05A86F6D26B}.Release|x64.ActiveCfg = Release|x64
		{6F5CED1F-6367-49B9-A3B8-B05A86F6D26B}.Release|x64.Build.0 = Release|x64
		{6F5CED1F-6367-49B9-A3B8-B05A86F6D26B}.Release|x86.ActiveCfg = Release|Win32
		{6F5CED1F-6367-49B9-A3B8-B05A86F6D26B}.Release|x86.Build.0 = Release|Win32
		{1B7E6754-7CC5-499C-911A-8D85DB710EE4}.Debug|x64.ActiveCfg = Debug|x64
		{1B7E6754-7CC5-499C-911A-8D85DB710EE4}.Debug|x64.Build.0 = Debug|x64
		{1B7E6754-7CC5-499C-911A-8D85DB710EE4}.Debug|x86.ActiveCfg = Debug|Win32
		{1B7E6754-7CC5-499C-911A-8D85DB710EE4}.Debug|x86.Build.0 = Debug|Win32
		{1B7E6754-7CC5-499C-911A-8D85DB710EE4}.Release|x64.ActiveCfg = Release|x64
		{1B7E6754-7CC5-499C-911A-8D85DB710EE4}.Release|x64.Build.0 = Release|x64
		{1B7E6754-7CC5-499C-911A-8D85DB710EE4}.Release|x86.ActiveCfg = Release|Win32
		{1B7E6754-7CC5-499C-911A-8D85DB710EE4}.Release|x86.Build.0 = Release|Win32
		{22FDA467-45AD-40C5-8F05-782A28691872}.Debug|x64.ActiveCfg = Debug|x64
		{22FDA467-45AD-40C5-8F05-782A28691872}.Debug|x64.Build.0 = Debug|x64
		{22FDA467-45AD-40C5-8F05-782A28691872}.Debug|x86.ActiveCfg = Debug|Win32
		{22FDA467-45AD-40C5-8F05-782A28691872}.Debug|x86.Build.0 = Debug|Win32
		{22FDA467-45AD-40C5-8F05-782A28691872}.Release|x64.ActiveCfg = Release|x64
		{22FDA467-45AD-40C5-8F05-782A28691872}.Release|x64.Build.0 = Release|x64
		{22FDA467-45AD-40C5-8F05-782A28691872}.Release|x86.ActiveCfg = Release|Win32
		{22FDA467-45AD-40C5-8F05-782A28691872}.Release|x86.Build.0 = Release|Win32
		{8C030864-1353-4097-8F6C-F48D75EB16E6}.Debug|x64.ActiveCfg = Debug|x64
		{8C030864-1353-4097-8F6C-F48D75EB16E6}.Debug|x64.Build.0 = Debug|x64
		{8C030864-1353-4097-8F6C-F48D75EB16E6}.Debug|x86.ActiveCfg = Debug|Win32
		{8C030864-1353-4097-8F6C-F48D75EB16E6}.Debug|x86.Build.0 = Debug|Win32
		{8C030864-1353-4097-8F6C-F48D75EB16E6}.Release|x64.ActiveCfg = Release|x64
		{8C030864-1353-4097-8F6C-F48D75EB16E6}.Release|x64.Build.0 = Release|x64
		{8C030864-1353-4097-8F6C-F48D75EB16E6}.Release|x86.ActiveCfg = Release|Win32
		{8C030864-1353-4097-8F6C-F48D75EB16E6}.Release|x86.Build.0 = Release|Win32
		{7084ACCA-97F5-4460-8F58-25C9D042F790}.Debug|x64.ActiveCfg = Debug|x64
		{7084ACCA-97F5-4460-8F58-25C9D042F790}.Debug|x64.Build.0 = Debug|x64
		{7084ACCA-97F5-4460-8F58-25C9D042F790}.Debug|x86.ActiveCfg = Debug|Win32
		{7084ACCA-97F5-4460-8F58-25C9D042F790}.Debug|x86.Build.0 = Debug|Win32
		{7084ACCA-97F5-4460-8F58-25C9D042F790}.Release|x64.ActiveCfg = Release|x64
		{7084ACCA-97F5-4460-8F58-25C9D042F790}.Release|x64.Build.0 = Release|x64
		{7084ACCA-97F5-4460-8F58-25C9D042F790}.Release|x86.ActiveCfg = Release|Win32
		{7084ACCA-97F5-4460-8F58-25C9D042F790}.Release|x86.Build.0 = Release|Win32
	EndGlobalSection
	GlobalSection(SolutionProperties) = preSolution
		HideSolutionNode = FALSE
	EndGlobalSection
	GlobalSection(ExtensibilityGlobals) = postSolution
		SolutionGuid = {53DA6894-CBB4-471B-93F6-553DFDA617C1}
	EndGlobalSection
EndGlobal
